
Microsoft Visual Studio Solution File, Format Version 12.00
# Visual Studio Version 17
VisualStudioVersion = 17.4.33403.182
MinimumVisualStudioVersion = 10.0.40219.1
Project("{9A19103F-16F7-4668-BE54-9A1E7A4F7556}") = "UniversityApiBackend", "UniversityApiBackend\UniversityApiBackend.csproj", "{CFA4959B-9240-4787-A833-B74100ED245A}"
EndProject
Project("{FAE04EC0-301F-11D3-BF4B-00C04F79EFBC}") = "LinqSnippets", "LinqSnippets\LinqSnippets.csproj", "{F24E4440-2EFA-4252-AB21-E08C8919BDD5}"
EndProject
Global
	GlobalSection(SolutionConfigurationPlatforms) = preSolution
		Debug|Any CPU = Debug|Any CPU
		Release|Any CPU = Release|Any CPU
	EndGlobalSection
	GlobalSection(ProjectConfigurationPlatforms) = postSolution
		{CFA4959B-9240-4787-A833-B74100ED245A}.Debug|Any CPU.ActiveCfg = Debug|Any CPU
		{CFA4959B-9240-4787-A833-B74100ED245A}.Debug|Any CPU.Build.0 = Debug|Any CPU
		{CFA4959B-9240-4787-A833-B74100ED245A}.Release|Any CPU.ActiveCfg = Release|Any CPU
		{CFA4959B-9240-4787-A833-B74100ED245A}.Release|Any CPU.Build.0 = Release|Any CPU
		{F24E4440-2EFA-4252-AB21-E08C8919BDD5}.Debug|Any CPU.ActiveCfg = Debug|Any CPU
		{F24E4440-2EFA-4252-AB21-E08C8919BDD5}.Debug|Any CPU.Build.0 = Debug|Any CPU
		{F24E4440-2EFA-4252-AB21-E08C8919BDD5}.Release|Any CPU.ActiveCfg = Release|Any CPU
		{F24E4440-2EFA-4252-AB21-E08C8919BDD5}.Release|Any CPU.Build.0 = Release|Any CPU
	EndGlobalSection
	GlobalSection(SolutionProperties) = preSolution
		HideSolutionNode = FALSE
	EndGlobalSection
	GlobalSection(ExtensibilityGlobals) = postSolution
		SolutionGuid = {9A8BB0CE-4AAD-41D2-A68A-A9C63A845C30}
	EndGlobalSection
EndGlobal
